// !$*UTF8*$!
{
	archiveVersion = 1;
	classes = {
	};
	objectVersion = 77;
	objects = {

/* Begin PBXBuildFile section */
		0394C0AE67DAB029DEC0B3E4 /* MeshBackground.swift in Sources */ = {isa = PBXBuildFile; fileRef = 6A6C4F1BDC1810A76AB178ED /* MeshBackground.swift */; };
		069A65C034761E51E264E6B7 /* ScanMode.swift in Sources */ = {isa = PBXBuildFile; fileRef = FD61890D1A5DA31FA248206F /* ScanMode.swift */; };
		07AF93E50AFD911BA42AB28F /* RoomCaptureViewRepresentable.swift in Sources */ = {isa = PBXBuildFile; fileRef = 3FBB0AA6840E66D02727F284 /* RoomCaptureViewRepresentable.swift */; };
		0DD76F465316F7B32E5B51DF /* SuccessCelebration.swift in Sources */ = {isa = PBXBuildFile; fileRef = 1200FA2F8059517B4D046BBA /* SuccessCelebration.swift */; };
		12EEA17EB8632404515D1441 /* Logger.swift in Sources */ = {isa = PBXBuildFile; fileRef = 60B3E06AA77F90C123BA72C8 /* Logger.swift */; };
		1DA94674BDC1CE12F9ED4214 /* ScanHub.swift in Sources */ = {isa = PBXBuildFile; fileRef = 5999F753AB3033458B3539E8 /* ScanHub.swift */; };
		30CBB6CBA4F9A1CD316E7436 /* ScanView.swift in Sources */ = {isa = PBXBuildFile; fileRef = 2D2C48F8ECEE1EECF931F161 /* ScanView.swift */; };
		3A65B0CEC3A1D8239FAACDDD /* ObjectScanView.swift in Sources */ = {isa = PBXBuildFile; fileRef = 911EBEC2B33ADFD383A6A714 /* ObjectScanView.swift */; };
		3E0288906A262E644E829F1A /* ScanActivityAttributes.swift in Sources */ = {isa = PBXBuildFile; fileRef = CBB40E7A45689AC4A094F462 /* ScanActivityAttributes.swift */; };
		3F93ECABC0107C1CD5A30C0B /* RootView.swift in Sources */ = {isa = PBXBuildFile; fileRef = D222F0A4CF1D86F6B9183D79 /* RootView.swift */; };
		42348D71D1B8F540FDF0DEAE /* SuccessCelebration.swift in Sources */ = {isa = PBXBuildFile; fileRef = 1200FA2F8059517B4D046BBA /* SuccessCelebration.swift */; };
		4383DA6CB68AB86AFB194F2A /* SpaceTypes.swift in Sources */ = {isa = PBXBuildFile; fileRef = 9F904E031EC84CF1690F726C /* SpaceTypes.swift */; };
		47A1661E5A6AE255BEF51DAF /* ScanLiveActivity.swift in Sources */ = {isa = PBXBuildFile; fileRef = B90393CE8D0580E56C031A0A /* ScanLiveActivity.swift */; };
		4F491647C234926BCF90228E /* Haptics.swift in Sources */ = {isa = PBXBuildFile; fileRef = 62CB2DEFEFB97FF134487851 /* Haptics.swift */; };
		4F845F84276518187A7AF8EC /* Assets.xcassets in Resources */ = {isa = PBXBuildFile; fileRef = 632C6194F5639A9DD73D67EF /* Assets.xcassets */; };
		6EBFD62B4033AFE4F875602E /* RoomCaptureViewRepresentable.swift in Sources */ = {isa = PBXBuildFile; fileRef = 3FBB0AA6840E66D02727F284 /* RoomCaptureViewRepresentable.swift */; };
		720BBCCC82DBBFC78CEEA350 /* SpaceTypes.swift in Sources */ = {isa = PBXBuildFile; fileRef = 9F904E031EC84CF1690F726C /* SpaceTypes.swift */; };
		733808AF493AB7AB6C33F473 /* HyliosClipApp.swift in Sources */ = {isa = PBXBuildFile; fileRef = 24473C4F2DDC59978F935383 /* HyliosClipApp.swift */; };
		7C973CC2615C086A11CB4F34 /* RootView.swift in Sources */ = {isa = PBXBuildFile; fileRef = D222F0A4CF1D86F6B9183D79 /* RootView.swift */; };
		7CD99E7898464145870C3492 /* ScanView.swift in Sources */ = {isa = PBXBuildFile; fileRef = 2D2C48F8ECEE1EECF931F161 /* ScanView.swift */; };
		7D291BA94F5FCDBCC56F2CBC /* EtherealDimensionUITests.swift in Sources */ = {isa = PBXBuildFile; fileRef = 15027ED139FD43E481B3899A /* EtherealDimensionUITests.swift */; };
		8D88C9D874DC97D7E29B75D1 /* ObjectScanModel.swift in Sources */ = {isa = PBXBuildFile; fileRef = 7A0E0EDA8718E48A6EE5B543 /* ObjectScanModel.swift */; };
		9B8B4D65EABDA5B3D4B8CA9D /* ScanActivityAttributes.swift in Sources */ = {isa = PBXBuildFile; fileRef = CBB40E7A45689AC4A094F462 /* ScanActivityAttributes.swift */; };
		9F065903036936C369EBEC63 /* Shimmer.swift in Sources */ = {isa = PBXBuildFile; fileRef = F2F19AE5463EF5B4AB7EE81A /* Shimmer.swift */; };
		A4B22B736743292CE456BF1B /* Shimmer.swift in Sources */ = {isa = PBXBuildFile; fileRef = F2F19AE5463EF5B4AB7EE81A /* Shimmer.swift */; };
		B5D6ACC2ECA4D42551CDA995 /* ObjectScanView.swift in Sources */ = {isa = PBXBuildFile; fileRef = 911EBEC2B33ADFD383A6A714 /* ObjectScanView.swift */; };
		B7F7F996C9A29A50C57C68A6 /* ScanBeamOverlay.swift in Sources */ = {isa = PBXBuildFile; fileRef = F979D8B0F108AFC7364BF274 /* ScanBeamOverlay.swift */; };
		BA2DAE8704A50E921BEB826F /* ScanModel.swift in Sources */ = {isa = PBXBuildFile; fileRef = 4B8624ED2D733F617ED7ABCC /* ScanModel.swift */; };
		C50E89FEF62C972477CD4DA2 /* ObjectScanModel.swift in Sources */ = {isa = PBXBuildFile; fileRef = 7A0E0EDA8718E48A6EE5B543 /* ObjectScanModel.swift */; };
		C6929EC58585C7AB4A97DCC6 /* UnsupportedDeviceView.swift in Sources */ = {isa = PBXBuildFile; fileRef = C2434ABC63FC855981048A19 /* UnsupportedDeviceView.swift */; };
		C841A471C2B20FF8D673E82F /* MeshBackground.swift in Sources */ = {isa = PBXBuildFile; fileRef = 6A6C4F1BDC1810A76AB178ED /* MeshBackground.swift */; };
		D1401356B2200FF871E3AAE0 /* EtherealDimensionUITestsLaunchTests.swift in Sources */ = {isa = PBXBuildFile; fileRef = 6DB326ABB8E8E00ECBEC1841 /* EtherealDimensionUITestsLaunchTests.swift */; };
		DB1E39450920C9D2B102D66F /* Haptics.swift in Sources */ = {isa = PBXBuildFile; fileRef = 62CB2DEFEFB97FF134487851 /* Haptics.swift */; };
		DD475BC7D32B080AD76982EA /* Logger.swift in Sources */ = {isa = PBXBuildFile; fileRef = 60B3E06AA77F90C123BA72C8 /* Logger.swift */; };
		E3083BEE3849285FD57286EB /* HyliosScanActivity.appex in Embed Foundation Extensions */ = {isa = PBXBuildFile; fileRef = 6FA22FF5FDF1DA52F6E253CA /* HyliosScanActivity.appex */; settings = {ATTRIBUTES = (RemoveHeadersOnCopy, ); }; };
		E34BF35BE4AA9B4A0ADD5809 /* ScanMode.swift in Sources */ = {isa = PBXBuildFile; fileRef = FD61890D1A5DA31FA248206F /* ScanMode.swift */; };
		EA0CC765DFD06F1F95E3C69B /* EtherealDimensionTests.swift in Sources */ = {isa = PBXBuildFile; fileRef = 0782386F2F9811552052E535 /* EtherealDimensionTests.swift */; };
		EB3006B0082F9C71D75648F1 /* ScanHub.swift in Sources */ = {isa = PBXBuildFile; fileRef = 5999F753AB3033458B3539E8 /* ScanHub.swift */; };
		ED82AC2E14D6C273142906CE /* ScanBeamOverlay.swift in Sources */ = {isa = PBXBuildFile; fileRef = F979D8B0F108AFC7364BF274 /* ScanBeamOverlay.swift */; };
		F0523107227173BBED692EC3 /* Assets.xcassets in Resources */ = {isa = PBXBuildFile; fileRef = 632C6194F5639A9DD73D67EF /* Assets.xcassets */; };
		F44198BFC8B28E5508C03DB9 /* ScanActivityAttributes.swift in Sources */ = {isa = PBXBuildFile; fileRef = CBB40E7A45689AC4A094F462 /* ScanActivityAttributes.swift */; };
		FA394E351F5B5489E8C52511 /* ScanModel.swift in Sources */ = {isa = PBXBuildFile; fileRef = 4B8624ED2D733F617ED7ABCC /* ScanModel.swift */; };
		FA3AB7AC8A69E14053CD49CB /* UnsupportedDeviceView.swift in Sources */ = {isa = PBXBuildFile; fileRef = C2434ABC63FC855981048A19 /* UnsupportedDeviceView.swift */; };
		FAB3E49EBCB4E56F464543CA /* HyliosApp.swift in Sources */ = {isa = PBXBuildFile; fileRef = 3B8091B39324A4356EC84A26 /* HyliosApp.swift */; };
/* End PBXBuildFile section */

/* Begin PBXContainerItemProxy section */
		1D3B99E8EB2FAE97353AB022 /* PBXContainerItemProxy */ = {
			isa = PBXContainerItemProxy;
			containerPortal = AE577E0DB6691CD380C7503E /* Project object */;
			proxyType = 1;
			remoteGlobalIDString = A8721291EDE1C54DD59E211C;
			remoteInfo = EtherealDimension;
		};
		B62A637BB8BF4420F7793093 /* PBXContainerItemProxy */ = {
			isa = PBXContainerItemProxy;
			containerPortal = AE577E0DB6691CD380C7503E /* Project object */;
			proxyType = 1;
			remoteGlobalIDString = A8721291EDE1C54DD59E211C;
			remoteInfo = EtherealDimension;
		};
		DED499480D883C1F6032FD71 /* PBXContainerItemProxy */ = {
			isa = PBXContainerItemProxy;
			containerPortal = AE577E0DB6691CD380C7503E /* Project object */;
			proxyType = 1;
			remoteGlobalIDString = 1BD190C8FF4A7FE79FBC0CA7;
			remoteInfo = HyliosScanActivity;
		};
/* End PBXContainerItemProxy section */

/* Begin PBXCopyFilesBuildPhase section */
		57D7433BC6FBAB10C59C3755 /* Embed Foundation Extensions */ = {
			isa = PBXCopyFilesBuildPhase;
			buildActionMask = 2147483647;
			dstPath = "";
			dstSubfolderSpec = 13;
			files = (
				E3083BEE3849285FD57286EB /* HyliosScanActivity.appex in Embed Foundation Extensions */,
			);
			name = "Embed Foundation Extensions";
			runOnlyForDeploymentPostprocessing = 0;
		};
/* End PBXCopyFilesBuildPhase section */

/* Begin PBXFileReference section */
		0782386F2F9811552052E535 /* EtherealDimensionTests.swift */ = {isa = PBXFileReference; lastKnownFileType = sourcecode.swift; path = EtherealDimensionTests.swift; sourceTree = "<group>"; };
		0FCC9B33AE9F5D6FA270C16B /* Info.plist */ = {isa = PBXFileReference; lastKnownFileType = text.plist; path = Info.plist; sourceTree = "<group>"; };
		1200FA2F8059517B4D046BBA /* SuccessCelebration.swift */ = {isa = PBXFileReference; lastKnownFileType = sourcecode.swift; path = SuccessCelebration.swift; sourceTree = "<group>"; };
		15027ED139FD43E481B3899A /* EtherealDimensionUITests.swift */ = {isa = PBXFileReference; lastKnownFileType = sourcecode.swift; path = EtherealDimensionUITests.swift; sourceTree = "<group>"; };
		24473C4F2DDC59978F935383 /* HyliosClipApp.swift */ = {isa = PBXFileReference; lastKnownFileType = sourcecode.swift; path = HyliosClipApp.swift; sourceTree = "<group>"; };
		2D2C48F8ECEE1EECF931F161 /* ScanView.swift */ = {isa = PBXFileReference; lastKnownFileType = sourcecode.swift; path = ScanView.swift; sourceTree = "<group>"; };
		2F1B69A664B2C812FB6630C1 /* EtherealDimensionUITests.xctest */ = {isa = PBXFileReference; includeInIndex = 0; lastKnownFileType = wrapper.cfbundle; path = EtherealDimensionUITests.xctest; sourceTree = BUILT_PRODUCTS_DIR; };
		3B8091B39324A4356EC84A26 /* HyliosApp.swift */ = {isa = PBXFileReference; lastKnownFileType = sourcecode.swift; path = HyliosApp.swift; sourceTree = "<group>"; };
		3FBB0AA6840E66D02727F284 /* RoomCaptureViewRepresentable.swift */ = {isa = PBXFileReference; lastKnownFileType = sourcecode.swift; path = RoomCaptureViewRepresentable.swift; sourceTree = "<group>"; };
		4B8624ED2D733F617ED7ABCC /* ScanModel.swift */ = {isa = PBXFileReference; lastKnownFileType = sourcecode.swift; path = ScanModel.swift; sourceTree = "<group>"; };
		5999F753AB3033458B3539E8 /* ScanHub.swift */ = {isa = PBXFileReference; lastKnownFileType = sourcecode.swift; path = ScanHub.swift; sourceTree = "<group>"; };
		60B3E06AA77F90C123BA72C8 /* Logger.swift */ = {isa = PBXFileReference; lastKnownFileType = sourcecode.swift; path = Logger.swift; sourceTree = "<group>"; };
		62CB2DEFEFB97FF134487851 /* Haptics.swift */ = {isa = PBXFileReference; lastKnownFileType = sourcecode.swift; path = Haptics.swift; sourceTree = "<group>"; };
		632C6194F5639A9DD73D67EF /* Assets.xcassets */ = {isa = PBXFileReference; lastKnownFileType = folder.assetcatalog; path = Assets.xcassets; sourceTree = "<group>"; };
		6A6C4F1BDC1810A76AB178ED /* MeshBackground.swift */ = {isa = PBXFileReference; lastKnownFileType = sourcecode.swift; path = MeshBackground.swift; sourceTree = "<group>"; };
		6DB326ABB8E8E00ECBEC1841 /* EtherealDimensionUITestsLaunchTests.swift */ = {isa = PBXFileReference; lastKnownFileType = sourcecode.swift; path = EtherealDimensionUITestsLaunchTests.swift; sourceTree = "<group>"; };
		6FA22FF5FDF1DA52F6E253CA /* HyliosScanActivity.appex */ = {isa = PBXFileReference; includeInIndex = 0; lastKnownFileType = "wrapper.app-extension"; path = HyliosScanActivity.appex; sourceTree = BUILT_PRODUCTS_DIR; };
		7A0E0EDA8718E48A6EE5B543 /* ObjectScanModel.swift */ = {isa = PBXFileReference; lastKnownFileType = sourcecode.swift; path = ObjectScanModel.swift; sourceTree = "<group>"; };
		911EBEC2B33ADFD383A6A714 /* ObjectScanView.swift */ = {isa = PBXFileReference; lastKnownFileType = sourcecode.swift; path = ObjectScanView.swift; sourceTree = "<group>"; };
		95C003AB2A012E6F666E4024 /* HyliosClip.entitlements */ = {isa = PBXFileReference; lastKnownFileType = text.plist.entitlements; path = HyliosClip.entitlements; sourceTree = "<group>"; };
		9F904E031EC84CF1690F726C /* SpaceTypes.swift */ = {isa = PBXFileReference; lastKnownFileType = sourcecode.swift; path = SpaceTypes.swift; sourceTree = "<group>"; };
		B90393CE8D0580E56C031A0A /* ScanLiveActivity.swift */ = {isa = PBXFileReference; lastKnownFileType = sourcecode.swift; path = ScanLiveActivity.swift; sourceTree = "<group>"; };
		C0E81AC4B1FCECD524F5B630 /* EtherealDimension.app */ = {isa = PBXFileReference; includeInIndex = 0; lastKnownFileType = wrapper.application; path = EtherealDimension.app; sourceTree = BUILT_PRODUCTS_DIR; };
		C2434ABC63FC855981048A19 /* UnsupportedDeviceView.swift */ = {isa = PBXFileReference; lastKnownFileType = sourcecode.swift; path = UnsupportedDeviceView.swift; sourceTree = "<group>"; };
		C7F9833632255AECA09F3501 /* Info.plist */ = {isa = PBXFileReference; lastKnownFileType = text.plist; path = Info.plist; sourceTree = "<group>"; };
		CBB40E7A45689AC4A094F462 /* ScanActivityAttributes.swift */ = {isa = PBXFileReference; lastKnownFileType = sourcecode.swift; path = ScanActivityAttributes.swift; sourceTree = "<group>"; };
		D222F0A4CF1D86F6B9183D79 /* RootView.swift */ = {isa = PBXFileReference; lastKnownFileType = sourcecode.swift; path = RootView.swift; sourceTree = "<group>"; };
		E5FDF03A6646F040AEF365D5 /* HyliosClip.app */ = {isa = PBXFileReference; includeInIndex = 0; lastKnownFileType = wrapper.application; path = HyliosClip.app; sourceTree = BUILT_PRODUCTS_DIR; };
		F13A94B81ED57D208428B155 /* EtherealDimensionTests.xctest */ = {isa = PBXFileReference; includeInIndex = 0; lastKnownFileType = wrapper.cfbundle; path = EtherealDimensionTests.xctest; sourceTree = BUILT_PRODUCTS_DIR; };
		F2F19AE5463EF5B4AB7EE81A /* Shimmer.swift */ = {isa = PBXFileReference; lastKnownFileType = sourcecode.swift; path = Shimmer.swift; sourceTree = "<group>"; };
		F979D8B0F108AFC7364BF274 /* ScanBeamOverlay.swift */ = {isa = PBXFileReference; lastKnownFileType = sourcecode.swift; path = ScanBeamOverlay.swift; sourceTree = "<group>"; };
		FD61890D1A5DA31FA248206F /* ScanMode.swift */ = {isa = PBXFileReference; lastKnownFileType = sourcecode.swift; path = ScanMode.swift; sourceTree = "<group>"; };
/* End PBXFileReference section */

/* Begin PBXGroup section */
		0381A8D61F157566577B0FEA /* Features */ = {
			isa = PBXGroup;
			children = (
				267B6CAD00AC52F64A040E8E /* ObjectCapture */,
				F71420C49B3402B99DC56BFF /* Root */,
				7F225335C2925691BDA7572D /* Scan */,
			);
			path = Features;
			sourceTree = "<group>";
		};
		0750FE2CC9CA20D4C0A2B90F /* Animations */ = {
			isa = PBXGroup;
			children = (
				F979D8B0F108AFC7364BF274 /* ScanBeamOverlay.swift */,
				F2F19AE5463EF5B4AB7EE81A /* Shimmer.swift */,
				1200FA2F8059517B4D046BBA /* SuccessCelebration.swift */,
			);
			path = Animations;
			sourceTree = "<group>";
		};
		132C1DA3B456D01DE3E0E55C = {
			isa = PBXGroup;
			children = (
				780C9476D339824C967CE677 /* AppClip */,
				BFF0569AF87244DAB0B9C062 /* EtherealDimension */,
				49CD1C8190F55A2501B2D116 /* EtherealDimensionTests */,
				81BE7A8B13E8AC7855DB3C34 /* EtherealDimensionUITests */,
				4693CE34738712A4FFE4B0EA /* ScanActivity */,
				A4FC71AF43C275370D1DA5BF /* Products */,
			);
			sourceTree = "<group>";
		};
		267B6CAD00AC52F64A040E8E /* ObjectCapture */ = {
			isa = PBXGroup;
			children = (
				7A0E0EDA8718E48A6EE5B543 /* ObjectScanModel.swift */,
				911EBEC2B33ADFD383A6A714 /* ObjectScanView.swift */,
			);
			path = ObjectCapture;
			sourceTree = "<group>";
		};
		4693CE34738712A4FFE4B0EA /* ScanActivity */ = {
			isa = PBXGroup;
			children = (
				0FCC9B33AE9F5D6FA270C16B /* Info.plist */,
				CBB40E7A45689AC4A094F462 /* ScanActivityAttributes.swift */,
				B90393CE8D0580E56C031A0A /* ScanLiveActivity.swift */,
			);
			path = ScanActivity;
			sourceTree = "<group>";
		};
		49CD1C8190F55A2501B2D116 /* EtherealDimensionTests */ = {
			isa = PBXGroup;
			children = (
				0782386F2F9811552052E535 /* EtherealDimensionTests.swift */,
			);
			path = EtherealDimensionTests;
			sourceTree = "<group>";
		};
		780C9476D339824C967CE677 /* AppClip */ = {
			isa = PBXGroup;
			children = (
				95C003AB2A012E6F666E4024 /* HyliosClip.entitlements */,
				24473C4F2DDC59978F935383 /* HyliosClipApp.swift */,
				C7F9833632255AECA09F3501 /* Info.plist */,
			);
			path = AppClip;
			sourceTree = "<group>";
		};
		7F225335C2925691BDA7572D /* Scan */ = {
			isa = PBXGroup;
			children = (
				3FBB0AA6840E66D02727F284 /* RoomCaptureViewRepresentable.swift */,
				5999F753AB3033458B3539E8 /* ScanHub.swift */,
				4B8624ED2D733F617ED7ABCC /* ScanModel.swift */,
				2D2C48F8ECEE1EECF931F161 /* ScanView.swift */,
			);
			path = Scan;
			sourceTree = "<group>";
		};
		81BE7A8B13E8AC7855DB3C34 /* EtherealDimensionUITests */ = {
			isa = PBXGroup;
			children = (
				15027ED139FD43E481B3899A /* EtherealDimensionUITests.swift */,
				6DB326ABB8E8E00ECBEC1841 /* EtherealDimensionUITestsLaunchTests.swift */,
			);
			path = EtherealDimensionUITests;
			sourceTree = "<group>";
		};
		92321E8297AA224DA902D57C /* Core */ = {
			isa = PBXGroup;
			children = (
				CDF863E064F298FD9DABDE82 /* Haptics */,
				FC9AFB2CF9B8F250ADB830FA /* Logger */,
				C37454FC18D37308FF9AF441 /* Models */,
			);
			path = Core;
			sourceTree = "<group>";
		};
		975E4D0B2459A7FA317CCA7B /* Brand */ = {
			isa = PBXGroup;
			children = (
				6A6C4F1BDC1810A76AB178ED /* MeshBackground.swift */,
			);
			path = Brand;
			sourceTree = "<group>";
		};
		A128011B3429C05C5E369359 /* UI */ = {
			isa = PBXGroup;
			children = (
				0750FE2CC9CA20D4C0A2B90F /* Animations */,
				975E4D0B2459A7FA317CCA7B /* Brand */,
			);
			path = UI;
			sourceTree = "<group>";
		};
		A4FC71AF43C275370D1DA5BF /* Products */ = {
			isa = PBXGroup;
			children = (
				C0E81AC4B1FCECD524F5B630 /* EtherealDimension.app */,
				F13A94B81ED57D208428B155 /* EtherealDimensionTests.xctest */,
				2F1B69A664B2C812FB6630C1 /* EtherealDimensionUITests.xctest */,
				E5FDF03A6646F040AEF365D5 /* HyliosClip.app */,
				6FA22FF5FDF1DA52F6E253CA /* HyliosScanActivity.appex */,
			);
			name = Products;
			sourceTree = "<group>";
		};
		BFF0569AF87244DAB0B9C062 /* EtherealDimension */ = {
			isa = PBXGroup;
			children = (
				92321E8297AA224DA902D57C /* Core */,
				0381A8D61F157566577B0FEA /* Features */,
				A128011B3429C05C5E369359 /* UI */,
				632C6194F5639A9DD73D67EF /* Assets.xcassets */,
				3B8091B39324A4356EC84A26 /* HyliosApp.swift */,
			);
			path = EtherealDimension;
			sourceTree = "<group>";
		};
		C37454FC18D37308FF9AF441 /* Models */ = {
			isa = PBXGroup;
			children = (
				FD61890D1A5DA31FA248206F /* ScanMode.swift */,
				9F904E031EC84CF1690F726C /* SpaceTypes.swift */,
			);
			path = Models;
			sourceTree = "<group>";
		};
		CDF863E064F298FD9DABDE82 /* Haptics */ = {
			isa = PBXGroup;
			children = (
				62CB2DEFEFB97FF134487851 /* Haptics.swift */,
			);
			path = Haptics;
			sourceTree = "<group>";
		};
		F71420C49B3402B99DC56BFF /* Root */ = {
			isa = PBXGroup;
			children = (
				D222F0A4CF1D86F6B9183D79 /* RootView.swift */,
				C2434ABC63FC855981048A19 /* UnsupportedDeviceView.swift */,
			);
			path = Root;
			sourceTree = "<group>";
		};
		FC9AFB2CF9B8F250ADB830FA /* Logger */ = {
			isa = PBXGroup;
			children = (
				60B3E06AA77F90C123BA72C8 /* Logger.swift */,
			);
			path = Logger;
			sourceTree = "<group>";
		};
/* End PBXGroup section */

/* Begin PBXNativeTarget section */
		1BD190C8FF4A7FE79FBC0CA7 /* HyliosScanActivity */ = {
			isa = PBXNativeTarget;
			buildConfigurationList = 71501E05494592E6C32829BE /* Build configuration list for PBXNativeTarget "HyliosScanActivity" */;
			buildPhases = (
				C3A695BE7023356CCC0DF37E /* Sources */,
			);
			buildRules = (
			);
			dependencies = (
			);
			name = HyliosScanActivity;
			packageProductDependencies = (
			);
			productName = HyliosScanActivity;
			productReference = 6FA22FF5FDF1DA52F6E253CA /* HyliosScanActivity.appex */;
			productType = "com.apple.product-type.app-extension";
		};
		484CFB6A4CADAAAF7554F922 /* EtherealDimensionUITests */ = {
			isa = PBXNativeTarget;
			buildConfigurationList = 0B838790801A54C86363D88C /* Build configuration list for PBXNativeTarget "EtherealDimensionUITests" */;
			buildPhases = (
				BD67E42DC6D5D12DD4A37CE7 /* Sources */,
			);
			buildRules = (
			);
			dependencies = (
				4F19D34913C1EF4A837F846E /* PBXTargetDependency */,
			);
			name = EtherealDimensionUITests;
			packageProductDependencies = (
			);
			productName = EtherealDimensionUITests;
			productReference = 2F1B69A664B2C812FB6630C1 /* EtherealDimensionUITests.xctest */;
			productType = "com.apple.product-type.bundle.ui-testing";
		};
		51988EEC35C4EF4ED4A84DDF /* EtherealDimensionTests */ = {
			isa = PBXNativeTarget;
			buildConfigurationList = 8B4640323DBA5812339CCBA9 /* Build configuration list for PBXNativeTarget "EtherealDimensionTests" */;
			buildPhases = (
				C222147D1B57CB813AAD8BC6 /* Sources */,
			);
			buildRules = (
			);
			dependencies = (
				05C581533314B8A792C7F39E /* PBXTargetDependency */,
			);
			name = EtherealDimensionTests;
			packageProductDependencies = (
			);
			productName = EtherealDimensionTests;
			productReference = F13A94B81ED57D208428B155 /* EtherealDimensionTests.xctest */;
			productType = "com.apple.product-type.bundle.unit-test";
		};
		A8721291EDE1C54DD59E211C /* EtherealDimension */ = {
			isa = PBXNativeTarget;
			buildConfigurationList = F7C4BECEE3CE8F5BAB0A0CEC /* Build configuration list for PBXNativeTarget "EtherealDimension" */;
			buildPhases = (
				19E445268415476C7C8AD813 /* Sources */,
				DFFCB7720400C7471FB41813 /* Resources */,
				57D7433BC6FBAB10C59C3755 /* Embed Foundation Extensions */,
			);
			buildRules = (
			);
			dependencies = (
				C4A16C7EE1CF2729FD33340F /* PBXTargetDependency */,
			);
			name = EtherealDimension;
			packageProductDependencies = (
			);
			productName = EtherealDimension;
			productReference = C0E81AC4B1FCECD524F5B630 /* EtherealDimension.app */;
			productType = "com.apple.product-type.application";
		};
		F574E9BFA1B636EA88BBA319 /* HyliosClip */ = {
			isa = PBXNativeTarget;
			buildConfigurationList = 6CE634886F9F22CA2A997951 /* Build configuration list for PBXNativeTarget "HyliosClip" */;
			buildPhases = (
				84B88130F8291E95C6E345A3 /* Sources */,
				8A16EDF7B81C6001620B9D34 /* Resources */,
			);
			buildRules = (
			);
			dependencies = (
			);
			name = HyliosClip;
			packageProductDependencies = (
			);
			productName = HyliosClip;
			productReference = E5FDF03A6646F040AEF365D5 /* HyliosClip.app */;
			productType = "com.apple.product-type.application.on-demand-install-capable";
		};
/* End PBXNativeTarget section */

/* Begin PBXProject section */
		AE577E0DB6691CD380C7503E /* Project object */ = {
			isa = PBXProject;
			attributes = {
				BuildIndependentTargetsInParallel = YES;
				LastUpgradeCheck = 1430;
				TargetAttributes = {
					1BD190C8FF4A7FE79FBC0CA7 = {
						DevelopmentTeam = 5Y7NBCKHJP;
						ProvisioningStyle = Automatic;
					};
					484CFB6A4CADAAAF7554F922 = {
						DevelopmentTeam = 5Y7NBCKHJP;
						ProvisioningStyle = Automatic;
						TestTargetID = A8721291EDE1C54DD59E211C;
					};
					51988EEC35C4EF4ED4A84DDF = {
						DevelopmentTeam = 5Y7NBCKHJP;
						ProvisioningStyle = Automatic;
					};
					A8721291EDE1C54DD59E211C = {
						DevelopmentTeam = 5Y7NBCKHJP;
						ProvisioningStyle = Automatic;
					};
					F574E9BFA1B636EA88BBA319 = {
						DevelopmentTeam = 5Y7NBCKHJP;
						ProvisioningStyle = Automatic;
					};
				};
			};
			buildConfigurationList = 6417588BE9F0FC043A50ACF0 /* Build configuration list for PBXProject "EtherealDimension" */;
			developmentRegion = en;
			hasScannedForEncodings = 0;
			knownRegions = (
				Base,
				en,
			);
			mainGroup = 132C1DA3B456D01DE3E0E55C;
			minimizedProjectReferenceProxies = 1;
			preferredProjectObjectVersion = 77;
			productRefGroup = A4FC71AF43C275370D1DA5BF /* Products */;
			projectDirPath = "";
			projectRoot = "";
			targets = (
				A8721291EDE1C54DD59E211C /* EtherealDimension */,
				1BD190C8FF4A7FE79FBC0CA7 /* HyliosScanActivity */,
				F574E9BFA1B636EA88BBA319 /* HyliosClip */,
				51988EEC35C4EF4ED4A84DDF /* EtherealDimensionTests */,
				484CFB6A4CADAAAF7554F922 /* EtherealDimensionUITests */,
			);
		};
/* End PBXProject section */

/* Begin PBXResourcesBuildPhase section */
		8A16EDF7B81C6001620B9D34 /* Resources */ = {
			isa = PBXResourcesBuildPhase;
			buildActionMask = 2147483647;
			files = (
				F0523107227173BBED692EC3 /* Assets.xcassets in Resources */,
			);
			runOnlyForDeploymentPostprocessing = 0;
		};
		DFFCB7720400C7471FB41813 /* Resources */ = {
			isa = PBXResourcesBuildPhase;
			buildActionMask = 2147483647;
			files = (
				4F845F84276518187A7AF8EC /* Assets.xcassets in Resources */,
			);
			runOnlyForDeploymentPostprocessing = 0;
		};
/* End PBXResourcesBuildPhase section */

/* Begin PBXSourcesBuildPhase section */
		19E445268415476C7C8AD813 /* Sources */ = {
			isa = PBXSourcesBuildPhase;
			buildActionMask = 2147483647;
			files = (
				4F491647C234926BCF90228E /* Haptics.swift in Sources */,
				FAB3E49EBCB4E56F464543CA /* HyliosApp.swift in Sources */,
				12EEA17EB8632404515D1441 /* Logger.swift in Sources */,
				0394C0AE67DAB029DEC0B3E4 /* MeshBackground.swift in Sources */,
				C50E89FEF62C972477CD4DA2 /* ObjectScanModel.swift in Sources */,
				B5D6ACC2ECA4D42551CDA995 /* ObjectScanView.swift in Sources */,
				6EBFD62B4033AFE4F875602E /* RoomCaptureViewRepresentable.swift in Sources */,
				7C973CC2615C086A11CB4F34 /* RootView.swift in Sources */,
				3E0288906A262E644E829F1A /* ScanActivityAttributes.swift in Sources */,
				ED82AC2E14D6C273142906CE /* ScanBeamOverlay.swift in Sources */,
				1DA94674BDC1CE12F9ED4214 /* ScanHub.swift in Sources */,
				E34BF35BE4AA9B4A0ADD5809 /* ScanMode.swift in Sources */,
				FA394E351F5B5489E8C52511 /* ScanModel.swift in Sources */,
				30CBB6CBA4F9A1CD316E7436 /* ScanView.swift in Sources */,
				9F065903036936C369EBEC63 /* Shimmer.swift in Sources */,
				4383DA6CB68AB86AFB194F2A /* SpaceTypes.swift in Sources */,
				42348D71D1B8F540FDF0DEAE /* SuccessCelebration.swift in Sources */,
				C6929EC58585C7AB4A97DCC6 /* UnsupportedDeviceView.swift in Sources */,
			);
			runOnlyForDeploymentPostprocessing = 0;
		};
		84B88130F8291E95C6E345A3 /* Sources */ = {
			isa = PBXSourcesBuildPhase;
			buildActionMask = 2147483647;
			files = (
				DB1E39450920C9D2B102D66F /* Haptics.swift in Sources */,
				733808AF493AB7AB6C33F473 /* HyliosClipApp.swift in Sources */,
				DD475BC7D32B080AD76982EA /* Logger.swift in Sources */,
				C841A471C2B20FF8D673E82F /* MeshBackground.swift in Sources */,
				8D88C9D874DC97D7E29B75D1 /* ObjectScanModel.swift in Sources */,
				3A65B0CEC3A1D8239FAACDDD /* ObjectScanView.swift in Sources */,
				07AF93E50AFD911BA42AB28F /* RoomCaptureViewRepresentable.swift in Sources */,
				3F93ECABC0107C1CD5A30C0B /* RootView.swift in Sources */,
				9B8B4D65EABDA5B3D4B8CA9D /* ScanActivityAttributes.swift in Sources */,
				B7F7F996C9A29A50C57C68A6 /* ScanBeamOverlay.swift in Sources */,
				EB3006B0082F9C71D75648F1 /* ScanHub.swift in Sources */,
				069A65C034761E51E264E6B7 /* ScanMode.swift in Sources */,
				BA2DAE8704A50E921BEB826F /* ScanModel.swift in Sources */,
				7CD99E7898464145870C3492 /* ScanView.swift in Sources */,
				A4B22B736743292CE456BF1B /* Shimmer.swift in Sources */,
				720BBCCC82DBBFC78CEEA350 /* SpaceTypes.swift in Sources */,
				0DD76F465316F7B32E5B51DF /* SuccessCelebration.swift in Sources */,
				FA3AB7AC8A69E14053CD49CB /* UnsupportedDeviceView.swift in Sources */,
			);
			runOnlyForDeploymentPostprocessing = 0;
		};
		BD67E42DC6D5D12DD4A37CE7 /* Sources */ = {
			isa = PBXSourcesBuildPhase;
			buildActionMask = 2147483647;
			files = (
				7D291BA94F5FCDBCC56F2CBC /* EtherealDimensionUITests.swift in Sources */,
				D1401356B2200FF871E3AAE0 /* EtherealDimensionUITestsLaunchTests.swift in Sources */,
			);
			runOnlyForDeploymentPostprocessing = 0;
		};
		C222147D1B57CB813AAD8BC6 /* Sources */ = {
			isa = PBXSourcesBuildPhase;
			buildActionMask = 2147483647;
			files = (
				EA0CC765DFD06F1F95E3C69B /* EtherealDimensionTests.swift in Sources */,
			);
			runOnlyForDeploymentPostprocessing = 0;
		};
		C3A695BE7023356CCC0DF37E /* Sources */ = {
			isa = PBXSourcesBuildPhase;
			buildActionMask = 2147483647;
			files = (
				F44198BFC8B28E5508C03DB9 /* ScanActivityAttributes.swift in Sources */,
				47A1661E5A6AE255BEF51DAF /* ScanLiveActivity.swift in Sources */,
			);
			runOnlyForDeploymentPostprocessing = 0;
		};
/* End PBXSourcesBuildPhase section */

/* Begin PBXTargetDependency section */
		05C581533314B8A792C7F39E /* PBXTargetDependency */ = {
			isa = PBXTargetDependency;
			target = A8721291EDE1C54DD59E211C /* EtherealDimension */;
			targetProxy = 1D3B99E8EB2FAE97353AB022 /* PBXContainerItemProxy */;
		};
		4F19D34913C1EF4A837F846E /* PBXTargetDependency */ = {
			isa = PBXTargetDependency;
			target = A8721291EDE1C54DD59E211C /* EtherealDimension */;
			targetProxy = B62A637BB8BF4420F7793093 /* PBXContainerItemProxy */;
		};
		C4A16C7EE1CF2729FD33340F /* PBXTargetDependency */ = {
			isa = PBXTargetDependency;
			target = 1BD190C8FF4A7FE79FBC0CA7 /* HyliosScanActivity */;
			targetProxy = DED499480D883C1F6032FD71 /* PBXContainerItemProxy */;
		};
/* End PBXTargetDependency section */

/* Begin XCBuildConfiguration section */
		0DD5CE8D3529F849C7B03408 /* Debug */ = {
			isa = XCBuildConfiguration;
			buildSettings = {
				BUNDLE_LOADER = "$(TEST_HOST)";
				GENERATE_INFOPLIST_FILE = YES;
				LD_RUNPATH_SEARCH_PATHS = (
					"$(inherited)",
					"@executable_path/Frameworks",
					"@loader_path/Frameworks",
				);
				PRODUCT_BUNDLE_IDENTIFIER = com.binarybros.EtherealDimensionUITests;
				SDKROOT = iphoneos;
				TARGETED_DEVICE_FAMILY = "1,2";
				TEST_TARGET_NAME = EtherealDimension;
			};
			name = Debug;
		};
		1D31A1B4CD2595DA5B261BBD /* Debug */ = {
			isa = XCBuildConfiguration;
			buildSettings = {
				ALWAYS_SEARCH_USER_PATHS = NO;
				CLANG_ANALYZER_NONNULL = YES;
				CLANG_ANALYZER_NUMBER_OBJECT_CONVERSION = YES_AGGRESSIVE;
				CLANG_CXX_LANGUAGE_STANDARD = "gnu++14";
				CLANG_CXX_LIBRARY = "libc++";
				CLANG_ENABLE_MODULES = YES;
				CLANG_ENABLE_OBJC_ARC = YES;
				CLANG_ENABLE_OBJC_WEAK = YES;
				CLANG_WARN_BLOCK_CAPTURE_AUTORELEASING = YES;
				CLANG_WARN_BOOL_CONVERSION = YES;
				CLANG_WARN_COMMA = YES;
				CLANG_WARN_CONSTANT_CONVERSION = YES;
				CLANG_WARN_DEPRECATED_OBJC_IMPLEMENTATIONS = YES;
				CLANG_WARN_DIRECT_OBJC_ISA_USAGE = YES_ERROR;
				CLANG_WARN_DOCUMENTATION_COMMENTS = YES;
				CLANG_WARN_EMPTY_BODY = YES;
				CLANG_WARN_ENUM_CONVERSION = YES;
				CLANG_WARN_INFINITE_RECURSION = YES;
				CLANG_WARN_INT_CONVERSION = YES;
				CLANG_WARN_NON_LITERAL_NULL_CONVERSION = YES;
				CLANG_WARN_OBJC_IMPLICIT_RETAIN_SELF = YES;
				CLANG_WARN_OBJC_LITERAL_CONVERSION = YES;
				CLANG_WARN_OBJC_ROOT_CLASS = YES_ERROR;
				CLANG_WARN_QUOTED_INCLUDE_IN_FRAMEWORK_HEADER = YES;
				CLANG_WARN_RANGE_LOOP_ANALYSIS = YES;
				CLANG_WARN_STRICT_PROTOTYPES = YES;
				CLANG_WARN_SUSPICIOUS_MOVE = YES;
				CLANG_WARN_UNGUARDED_AVAILABILITY = YES_AGGRESSIVE;
				CLANG_WARN_UNREACHABLE_CODE = YES;
				CLANG_WARN__DUPLICATE_METHOD_MATCH = YES;
				CODE_SIGN_STYLE = Automatic;
				COPY_PHASE_STRIP = NO;
				CURRENT_PROJECT_VERSION = 260905005;
				DEBUG_INFORMATION_FORMAT = dwarf;
				DEVELOPMENT_TEAM = 5Y7NBCKHJP;
				ENABLE_STRICT_OBJC_MSGSEND = YES;
				ENABLE_TESTABILITY = YES;
				ENABLE_USER_SCRIPT_SANDBOXING = NO;
				GCC_C_LANGUAGE_STANDARD = gnu11;
				GCC_DYNAMIC_NO_PIC = NO;
				GCC_NO_COMMON_BLOCKS = YES;
				GCC_OPTIMIZATION_LEVEL = 0;
				GCC_PREPROCESSOR_DEFINITIONS = (
					"$(inherited)",
					"DEBUG=1",
				);
				GCC_WARN_64_TO_32_BIT_CONVERSION = YES;
				GCC_WARN_ABOUT_RETURN_TYPE = YES_ERROR;
				GCC_WARN_UNDECLARED_SELECTOR = YES;
				GCC_WARN_UNINITIALIZED_AUTOS = YES_AGGRESSIVE;
				GCC_WARN_UNUSED_FUNCTION = YES;
				GCC_WARN_UNUSED_VARIABLE = YES;
				IPHONEOS_DEPLOYMENT_TARGET = 18.0;
				MARKETING_VERSION = 2.0;
				MTL_ENABLE_DEBUG_INFO = INCLUDE_SOURCE;
				MTL_FAST_MATH = YES;
				ONLY_ACTIVE_ARCH = YES;
				PRODUCT_NAME = "$(TARGET_NAME)";
				SDKROOT = iphoneos;
				SWIFT_ACTIVE_COMPILATION_CONDITIONS = DEBUG;
				SWIFT_OPTIMIZATION_LEVEL = "-Onone";
				SWIFT_STRICT_CONCURRENCY = complete;
				SWIFT_VERSION = 6.0;
			};
			name = Debug;
		};
		87D950EBC0DA0A4763066323 /* Release */ = {
			isa = XCBuildConfiguration;
			buildSettings = {
				ALWAYS_SEARCH_USER_PATHS = NO;
				CLANG_ANALYZER_NONNULL = YES;
				CLANG_ANALYZER_NUMBER_OBJECT_CONVERSION = YES_AGGRESSIVE;
				CLANG_CXX_LANGUAGE_STANDARD = "gnu++14";
				CLANG_CXX_LIBRARY = "libc++";
				CLANG_ENABLE_MODULES = YES;
				CLANG_ENABLE_OBJC_ARC = YES;
				CLANG_ENABLE_OBJC_WEAK = YES;
				CLANG_WARN_BLOCK_CAPTURE_AUTORELEASING = YES;
				CLANG_WARN_BOOL_CONVERSION = YES;
				CLANG_WARN_COMMA = YES;
				CLANG_WARN_CONSTANT_CONVERSION = YES;
				CLANG_WARN_DEPRECATED_OBJC_IMPLEMENTATIONS = YES;
				CLANG_WARN_DIRECT_OBJC_ISA_USAGE = YES_ERROR;
				CLANG_WARN_DOCUMENTATION_COMMENTS = YES;
				CLANG_WARN_EMPTY_BODY = YES;
				CLANG_WARN_ENUM_CONVERSION = YES;
				CLANG_WARN_INFINITE_RECURSION = YES;
				CLANG_WARN_INT_CONVERSION = YES;
				CLANG_WARN_NON_LITERAL_NULL_CONVERSION = YES;
				CLANG_WARN_OBJC_IMPLICIT_RETAIN_SELF = YES;
				CLANG_WARN_OBJC_LITERAL_CONVERSION = YES;
				CLANG_WARN_OBJC_ROOT_CLASS = YES_ERROR;
				CLANG_WARN_QUOTED_INCLUDE_IN_FRAMEWORK_HEADER = YES;
				CLANG_WARN_RANGE_LOOP_ANALYSIS = YES;
				CLANG_WARN_STRICT_PROTOTYPES = YES;
				CLANG_WARN_SUSPICIOUS_MOVE = YES;
				CLANG_WARN_UNGUARDED_AVAILABILITY = YES_AGGRESSIVE;
				CLANG_WARN_UNREACHABLE_CODE = YES;
				CLANG_WARN__DUPLICATE_METHOD_MATCH = YES;
				CODE_SIGN_STYLE = Automatic;
				COPY_PHASE_STRIP = NO;
				CURRENT_PROJECT_VERSION = 260905005;
				DEBUG_INFORMATION_FORMAT = "dwarf-with-dsym";
				DEVELOPMENT_TEAM = 5Y7NBCKHJP;
				ENABLE_NS_ASSERTIONS = NO;
				ENABLE_STRICT_OBJC_MSGSEND = YES;
				ENABLE_USER_SCRIPT_SANDBOXING = NO;
				GCC_C_LANGUAGE_STANDARD = gnu11;
				GCC_NO_COMMON_BLOCKS = YES;
				GCC_WARN_64_TO_32_BIT_CONVERSION = YES;
				GCC_WARN_ABOUT_RETURN_TYPE = YES_ERROR;
				GCC_WARN_UNDECLARED_SELECTOR = YES;
				GCC_WARN_UNINITIALIZED_AUTOS = YES_AGGRESSIVE;
				GCC_WARN_UNUSED_FUNCTION = YES;
				GCC_WARN_UNUSED_VARIABLE = YES;
				IPHONEOS_DEPLOYMENT_TARGET = 18.0;
				MARKETING_VERSION = 2.0;
				MTL_ENABLE_DEBUG_INFO = NO;
				MTL_FAST_MATH = YES;
				PRODUCT_NAME = "$(TARGET_NAME)";
				SDKROOT = iphoneos;
				SWIFT_COMPILATION_MODE = wholemodule;
				SWIFT_OPTIMIZATION_LEVEL = "-O";
				SWIFT_STRICT_CONCURRENCY = complete;
				SWIFT_VERSION = 6.0;
			};
			name = Release;
		};
		96632997222ADED3AFFC3BEC /* Release */ = {
			isa = XCBuildConfiguration;
			buildSettings = {
				ASSETCATALOG_COMPILER_APPICON_NAME = AppIcon;
				CODE_SIGN_IDENTITY = "iPhone Developer";
				ENABLE_PREVIEWS = YES;
				INFOPLIST_FILE = EtherealDimension/Info.plist;
				LD_RUNPATH_SEARCH_PATHS = (
					"$(inherited)",
					"@executable_path/Frameworks",
				);
				PRODUCT_BUNDLE_IDENTIFIER = com.binarybros.EtherealDimension;
				SDKROOT = iphoneos;
				TARGETED_DEVICE_FAMILY = 1;
			};
			name = Release;
		};
		A9BB70BF171F824141671732 /* Debug */ = {
			isa = XCBuildConfiguration;
			buildSettings = {
				CODE_SIGN_STYLE = Automatic;
				DEVELOPMENT_TEAM = 5Y7NBCKHJP;
				INFOPLIST_FILE = ScanActivity/Info.plist;
				LD_RUNPATH_SEARCH_PATHS = (
					"$(inherited)",
					"@executable_path/Frameworks",
					"@executable_path/../../Frameworks",
				);
				PRODUCT_BUNDLE_IDENTIFIER = com.binarybros.EtherealDimension.ScanActivity;
				SDKROOT = iphoneos;
				SKIP_INSTALL = YES;
				SWIFT_VERSION = 6.0;
				TARGETED_DEVICE_FAMILY = 1;
			};
			name = Debug;
		};
		AF9FD47ACAA2BF9FFDE9C2F4 /* Release */ = {
			isa = XCBuildConfiguration;
			buildSettings = {
				BUNDLE_LOADER = "$(TEST_HOST)";
				GENERATE_INFOPLIST_FILE = YES;
				LD_RUNPATH_SEARCH_PATHS = (
					"$(inherited)",
					"@executable_path/Frameworks",
					"@loader_path/Frameworks",
				);
				PRODUCT_BUNDLE_IDENTIFIER = com.binarybros.EtherealDimensionUITests;
				SDKROOT = iphoneos;
				TARGETED_DEVICE_FAMILY = "1,2";
				TEST_TARGET_NAME = EtherealDimension;
			};
			name = Release;
		};
		DA15FE6BC7FD6F1C6FA09095 /* Release */ = {
			isa = XCBuildConfiguration;
			buildSettings = {
				CODE_SIGN_STYLE = Automatic;
				DEVELOPMENT_TEAM = 5Y7NBCKHJP;
				INFOPLIST_FILE = ScanActivity/Info.plist;
				LD_RUNPATH_SEARCH_PATHS = (
					"$(inherited)",
					"@executable_path/Frameworks",
					"@executable_path/../../Frameworks",
				);
				PRODUCT_BUNDLE_IDENTIFIER = com.binarybros.EtherealDimension.ScanActivity;
				SDKROOT = iphoneos;
				SKIP_INSTALL = YES;
				SWIFT_VERSION = 6.0;
				TARGETED_DEVICE_FAMILY = 1;
			};
			name = Release;
		};
		EA10857B5B3927FDF6E45918 /* Debug */ = {
			isa = XCBuildConfiguration;
			buildSettings = {
				ASSETCATALOG_COMPILER_APPICON_NAME = AppIcon;
				CODE_SIGN_ENTITLEMENTS = AppClip/HyliosClip.entitlements;
				CODE_SIGN_STYLE = Automatic;
				DEVELOPMENT_TEAM = 5Y7NBCKHJP;
				INFOPLIST_FILE = AppClip/Info.plist;
				LD_RUNPATH_SEARCH_PATHS = (
					"$(inherited)",
					"@executable_path/Frameworks",
				);
				PRODUCT_BUNDLE_IDENTIFIER = com.binarybros.EtherealDimension.Clip;
				SDKROOT = iphoneos;
				SWIFT_VERSION = 6.0;
				TARGETED_DEVICE_FAMILY = "1,2";
			};
			name = Debug;
		};
		EFE8E22C4E3EF4398778AA01 /* Debug */ = {
			isa = XCBuildConfiguration;
			buildSettings = {
				ASSETCATALOG_COMPILER_APPICON_NAME = AppIcon;
				CODE_SIGN_IDENTITY = "iPhone Developer";
				ENABLE_PREVIEWS = YES;
				INFOPLIST_FILE = EtherealDimension/Info.plist;
				LD_RUNPATH_SEARCH_PATHS = (
					"$(inherited)",
					"@executable_path/Frameworks",
				);
				PRODUCT_BUNDLE_IDENTIFIER = com.binarybros.EtherealDimension;
				SDKROOT = iphoneos;
				TARGETED_DEVICE_FAMILY = 1;
			};
			name = Debug;
		};
		F2C05EFCEEC9DA3150EFBC72 /* Release */ = {
			isa = XCBuildConfiguration;
			buildSettings = {
				ASSETCATALOG_COMPILER_APPICON_NAME = AppIcon;
				CODE_SIGN_ENTITLEMENTS = AppClip/HyliosClip.entitlements;
				CODE_SIGN_STYLE = Automatic;
				DEVELOPMENT_TEAM = 5Y7NBCKHJP;
				INFOPLIST_FILE = AppClip/Info.plist;
				LD_RUNPATH_SEARCH_PATHS = (
					"$(inherited)",
					"@executable_path/Frameworks",
				);
				PRODUCT_BUNDLE_IDENTIFIER = com.binarybros.EtherealDimension.Clip;
				SDKROOT = iphoneos;
				SWIFT_VERSION = 6.0;
				TARGETED_DEVICE_FAMILY = "1,2";
			};
			name = Release;
		};
		F534C0C2938EEA991333FED6 /* Release */ = {
			isa = XCBuildConfiguration;
			buildSettings = {
				BUNDLE_LOADER = "$(TEST_HOST)";
				GENERATE_INFOPLIST_FILE = YES;
				LD_RUNPATH_SEARCH_PATHS = (
					"$(inherited)",
					"@executable_path/Frameworks",
					"@loader_path/Frameworks",
				);
				PRODUCT_BUNDLE_IDENTIFIER = com.binarybros.EtherealDimensionTests;
				SDKROOT = iphoneos;
				TARGETED_DEVICE_FAMILY = "1,2";
				TEST_HOST = "$(BUILT_PRODUCTS_DIR)/EtherealDimension.app/EtherealDimension";
			};
			name = Release;
		};
		FE7BBEF9FAE0DDC10A174162 /* Debug */ = {
			isa = XCBuildConfiguration;
			buildSettings = {
				BUNDLE_LOADER = "$(TEST_HOST)";
				GENERATE_INFOPLIST_FILE = YES;
				LD_RUNPATH_SEARCH_PATHS = (
					"$(inherited)",
					"@executable_path/Frameworks",
					"@loader_path/Frameworks",
				);
				PRODUCT_BUNDLE_IDENTIFIER = com.binarybros.EtherealDimensionTests;
				SDKROOT = iphoneos;
				TARGETED_DEVICE_FAMILY = "1,2";
				TEST_HOST = "$(BUILT_PRODUCTS_DIR)/EtherealDimension.app/EtherealDimension";
			};
			name = Debug;
		};
/* End XCBuildConfiguration section */

/* Begin XCConfigurationList section */
		0B838790801A54C86363D88C /* Build configuration list for PBXNativeTarget "EtherealDimensionUITests" */ = {
			isa = XCConfigurationList;
			buildConfigurations = (
				0DD5CE8D3529F849C7B03408 /* Debug */,
				AF9FD47ACAA2BF9FFDE9C2F4 /* Release */,
			);
			defaultConfigurationIsVisible = 0;
			defaultConfigurationName = Debug;
		};
		6417588BE9F0FC043A50ACF0 /* Build configuration list for PBXProject "EtherealDimension" */ = {
			isa = XCConfigurationList;
			buildConfigurations = (
				1D31A1B4CD2595DA5B261BBD /* Debug */,
				87D950EBC0DA0A4763066323 /* Release */,
			);
			defaultConfigurationIsVisible = 0;
			defaultConfigurationName = Debug;
		};
		6CE634886F9F22CA2A997951 /* Build configuration list for PBXNativeTarget "HyliosClip" */ = {
			isa = XCConfigurationList;
			buildConfigurations = (
				EA10857B5B3927FDF6E45918 /* Debug */,
				F2C05EFCEEC9DA3150EFBC72 /* Release */,
			);
			defaultConfigurationIsVisible = 0;
			defaultConfigurationName = Debug;
		};
		71501E05494592E6C32829BE /* Build configuration list for PBXNativeTarget "HyliosScanActivity" */ = {
			isa = XCConfigurationList;
			buildConfigurations = (
				A9BB70BF171F824141671732 /* Debug */,
				DA15FE6BC7FD6F1C6FA09095 /* Release */,
			);
			defaultConfigurationIsVisible = 0;
			defaultConfigurationName = Debug;
		};
		8B4640323DBA5812339CCBA9 /* Build configuration list for PBXNativeTarget "EtherealDimensionTests" */ = {
			isa = XCConfigurationList;
			buildConfigurations = (
				FE7BBEF9FAE0DDC10A174162 /* Debug */,
				F534C0C2938EEA991333FED6 /* Release */,
			);
			defaultConfigurationIsVisible = 0;
			defaultConfigurationName = Debug;
		};
		F7C4BECEE3CE8F5BAB0A0CEC /* Build configuration list for PBXNativeTarget "EtherealDimension" */ = {
			isa = XCConfigurationList;
			buildConfigurations = (
				EFE8E22C4E3EF4398778AA01 /* Debug */,
				96632997222ADED3AFFC3BEC /* Release */,
			);
			defaultConfigurationIsVisible = 0;
			defaultConfigurationName = Debug;
		};
/* End XCConfigurationList section */
	};
	rootObject = AE577E0DB6691CD380C7503E /* Project object */;
}
